
Microsoft Visual Studio Solution File, Format Version 12.00
# Visual Studio Version 17
VisualStudioVersion = 17.0.32014.148
MinimumVisualStudioVersion = 10.0.40219.1
Project("{9A19103F-16F7-4668-BE54-9A1E7A4F7556}") = "AzureBlobStorage.WebApi", "AzureBlobStorageWebApi\AzureBlobStorage.WebApi.csproj", "{F284D2E3-D02D-45BF-BF06-444EC236BCB3}"
EndProject
Project("{9A19103F-16F7-4668-BE54-9A1E7A4F7556}") = "AzureBlobStorage.Test", "AzureBlobStorage.Test\AzureBlobStorage.Test.csproj", "{BDF25E77-8A55-4449-80EE-06E5866530DC}"
EndProject
Project("{E53339B2-1760-4266-BCC7-CA923CBCF16C}") = "docker-compose", "docker-compose.dcproj", "{9DCFE125-6311-45BF-9B89-B5B808C6C52F}"
EndProject
Project("{2150E333-8FDC-42A3-9474-1A3956D46DE8}") = "Solution Items", "Solution Items", "{BA6D3AAA-6653-408B-B5B4-DEA84345C3D1}"
	ProjectSection(SolutionItems) = preProject
		README.md = README.md
	EndProjectSection
EndProject
Global
	GlobalSection(SolutionConfigurationPlatforms) = preSolution
		Debug|Any CPU = Debug|Any CPU
		Release|Any CPU = Release|Any CPU
	EndGlobalSection
	GlobalSection(ProjectConfigurationPlatforms) = postSolution
		{F284D2E3-D02D-45BF-BF06-444EC236BCB3}.Debug|Any CPU.ActiveCfg = Debug|Any CPU
		{F284D2E3-D02D-45BF-BF06-444EC236BCB3}.Debug|Any CPU.Build.0 = Debug|Any CPU
		{F284D2E3-D02D-45BF-BF06-444EC236BCB3}.Release|Any CPU.ActiveCfg = Release|Any CPU
		{F284D2E3-D02D-45BF-BF06-444EC236BCB3}.Release|Any CPU.Build.0 = Release|Any CPU
		{BDF25E77-8A55-4449-80EE-06E5866530DC}.Debug|Any CPU.ActiveCfg = Debug|Any CPU
		{BDF25E77-8A55-4449-80EE-06E5866530DC}.Debug|Any CPU.Build.0 = Debug|Any CPU
		{BDF25E77-8A55-4449-80EE-06E5866530DC}.Release|Any CPU.ActiveCfg = Release|Any CPU
		{BDF25E77-8A55-4449-80EE-06E5866530DC}.Release|Any CPU.Build.0 = Release|Any CPU
		{9DCFE125-6311-45BF-9B89-B5B808C6C52F}.Debug|Any CPU.ActiveCfg = Debug|Any CPU
		{9DCFE125-6311-45BF-9B89-B5B808C6C52F}.Debug|Any CPU.Build.0 = Debug|Any CPU
		{9DCFE125-6311-45BF-9B89-B5B808C6C52F}.Release|Any CPU.ActiveCfg = Release|Any CPU
		{9DCFE125-6311-45BF-9B89-B5B808C6C52F}.Release|Any CPU.Build.0 = Release|Any CPU
	EndGlobalSection
	GlobalSection(SolutionProperties) = preSolution
		HideSolutionNode = FALSE
	EndGlobalSection
	GlobalSection(ExtensibilityGlobals) = postSolution
		SolutionGuid = {FDFFA35F-B509-4F47-BE53-C0DCB6BFFB6E}
	EndGlobalSection
EndGlobal
